
Microsoft Visual Studio Solution File, Format Version 12.00
# Visual Studio Version 17
VisualStudioVersion = 17.0.31903.59
MinimumVisualStudioVersion = 10.0.40219.1
Project("{FAE04EC0-301F-11D3-BF4B-00C04F79EFBC}") = "API", "API\API.csproj", "{13DCC03F-A9AE-4C54-9364-9970553432F6}"
EndProject
Project("{FAE04EC0-301F-11D3-BF4B-00C04F79EFBC}") = "Application", "Application\Application.csproj", "{666A110F-EF34-4AD5-8D65-33629D5F0895}"
EndProject
Project("{FAE04EC0-301F-11D3-BF4B-00C04F79EFBC}") = "Domain", "Domain\Domain.csproj", "{5A546C60-5494-4AD7-B2ED-60639C970570}"
EndProject
Project("{FAE04EC0-301F-11D3-BF4B-00C04F79EFBC}") = "Persistence", "Persistence\Persistence.csproj", "{AA6729E4-7F45-4FD6-B059-D501E9D596A7}"
EndProject
Project("{FAE04EC0-301F-11D3-BF4B-00C04F79EFBC}") = "Infrastructure", "Infrastructure\Infrastructure.csproj", "{C76BE69D-3990-494B-808F-8A8F4FFF629B}"
EndProject
Global
	GlobalSection(SolutionConfigurationPlatforms) = preSolution
		Debug|Any CPU = Debug|Any CPU
		Release|Any CPU = Release|Any CPU
	EndGlobalSection
	GlobalSection(SolutionProperties) = preSolution
		HideSolutionNode = FALSE
	EndGlobalSection
	GlobalSection(ProjectConfigurationPlatforms) = postSolution
		{13DCC03F-A9AE-4C54-9364-9970553432F6}.Debug|Any CPU.ActiveCfg = Debug|Any CPU
		{13DCC03F-A9AE-4C54-9364-9970553432F6}.Debug|Any CPU.Build.0 = Debug|Any CPU
		{13DCC03F-A9AE-4C54-9364-9970553432F6}.Release|Any CPU.ActiveCfg = Release|Any CPU
		{13DCC03F-A9AE-4C54-9364-9970553432F6}.Release|Any CPU.Build.0 = Release|Any CPU
		{666A110F-EF34-4AD5-8D65-33629D5F0895}.Debug|Any CPU.ActiveCfg = Debug|Any CPU
		{666A110F-EF34-4AD5-8D65-33629D5F0895}.Debug|Any CPU.Build.0 = Debug|Any CPU
		{666A110F-EF34-4AD5-8D65-33629D5F0895}.Release|Any CPU.ActiveCfg = Release|Any CPU
		{666A110F-EF34-4AD5-8D65-33629D5F0895}.Release|Any CPU.Build.0 = Release|Any CPU
		{5A546C60-5494-4AD7-B2ED-60639C970570}.Debug|Any CPU.ActiveCfg = Debug|Any CPU
		{5A546C60-5494-4AD7-B2ED-60639C970570}.Debug|Any CPU.Build.0 = Debug|Any CPU
		{5A546C60-5494-4AD7-B2ED-60639C970570}.Release|Any CPU.ActiveCfg = Release|Any CPU
		{5A546C60-5494-4AD7-B2ED-60639C970570}.Release|Any CPU.Build.0 = Release|Any CPU
		{AA6729E4-7F45-4FD6-B059-D501E9D596A7}.Debug|Any CPU.ActiveCfg = Debug|Any CPU
		{AA6729E4-7F45-4FD6-B059-D501E9D596A7}.Debug|Any CPU.Build.0 = Debug|Any CPU
		{AA6729E4-7F45-4FD6-B059-D501E9D596A7}.Release|Any CPU.ActiveCfg = Release|Any CPU
		{AA6729E4-7F45-4FD6-B059-D501E9D596A7}.Release|Any CPU.Build.0 = Release|Any CPU
		{C76BE69D-3990-494B-808F-8A8F4FFF629B}.Debug|Any CPU.ActiveCfg = Debug|Any CPU
		{C76BE69D-3990-494B-808F-8A8F4FFF629B}.Debug|Any CPU.Build.0 = Debug|Any CPU
		{C76BE69D-3990-494B-808F-8A8F4FFF629B}.Release|Any CPU.ActiveCfg = Release|Any CPU
		{C76BE69D-3990-494B-808F-8A8F4FFF629B}.Release|Any CPU.Build.0 = Release|Any CPU
	EndGlobalSection
EndGlobal
